// !$*UTF8*$!
{
	archiveVersion = 1;
	classes = {
	};
	objectVersion = 51;
	objects = {

/* Begin PBXBuildFile section */
		B941686B5DE14136855834A1 /* Pods_Task2.framework in Frameworks */ = {isa = PBXBuildFile; fileRef = 385E20E8B3699623065C1C77 /* Pods_Task2.framework */; };
		F6C0E25125ED677300182984 /* AppDelegate.swift in Sources */ = {isa = PBXBuildFile; fileRef = F6C0E25025ED677300182984 /* AppDelegate.swift */; };
		F6C0E25325ED677300182984 /* SceneDelegate.swift in Sources */ = {isa = PBXBuildFile; fileRef = F6C0E25225ED677300182984 /* SceneDelegate.swift */; };
		F6C0E25A25ED677500182984 /* Assets.xcassets in Resources */ = {isa = PBXBuildFile; fileRef = F6C0E25925ED677500182984 /* Assets.xcassets */; };
		F6C0E25D25ED677500182984 /* LaunchScreen.storyboard in Resources */ = {isa = PBXBuildFile; fileRef = F6C0E25B25ED677500182984 /* LaunchScreen.storyboard */; };
		F6ECB44E25EDEC500046541F /* MainViewController.swift in Sources */ = {isa = PBXBuildFile; fileRef = F6ECB44D25EDEC500046541F /* MainViewController.swift */; };
		F6ECB45225EDECB60046541F /* MainViewControllerProtocol.swift in Sources */ = {isa = PBXBuildFile; fileRef = F6ECB45125EDECB60046541F /* MainViewControllerProtocol.swift */; };
		F6ECB45525EDECE20046541F /* MainPresenterProtocol.swift in Sources */ = {isa = PBXBuildFile; fileRef = F6ECB45425EDECE20046541F /* MainPresenterProtocol.swift */; };
		F6ECB45825EDECFA0046541F /* MainPresenter.swift in Sources */ = {isa = PBXBuildFile; fileRef = F6ECB45725EDECFA0046541F /* MainPresenter.swift */; };
		F6ECB45B25EDED290046541F /* MainInteractorProtocol.swift in Sources */ = {isa = PBXBuildFile; fileRef = F6ECB45A25EDED290046541F /* MainInteractorProtocol.swift */; };
		F6ECB45E25EDED450046541F /* MainInteractor.swift in Sources */ = {isa = PBXBuildFile; fileRef = F6ECB45D25EDED450046541F /* MainInteractor.swift */; };
		F6ECB46125EDED6F0046541F /* MainRouterProtocol.swift in Sources */ = {isa = PBXBuildFile; fileRef = F6ECB46025EDED6F0046541F /* MainRouterProtocol.swift */; };
		F6ECB46425EDED820046541F /* MainRouter.swift in Sources */ = {isa = PBXBuildFile; fileRef = F6ECB46325EDED820046541F /* MainRouter.swift */; };
		F6ECB46725EDEDA10046541F /* MainConfiguratorProtocol.swift in Sources */ = {isa = PBXBuildFile; fileRef = F6ECB46625EDEDA10046541F /* MainConfiguratorProtocol.swift */; };
		F6ECB46A25EDEDBF0046541F /* MainConfigurator.swift in Sources */ = {isa = PBXBuildFile; fileRef = F6ECB46925EDEDBF0046541F /* MainConfigurator.swift */; };
		F6ECB47425EE4CC60046541F /* MainConstants.swift in Sources */ = {isa = PBXBuildFile; fileRef = F6ECB47325EE4CC60046541F /* MainConstants.swift */; };
		F6ECB47725EE56120046541F /* NewsViewController.swift in Sources */ = {isa = PBXBuildFile; fileRef = F6ECB47625EE56120046541F /* NewsViewController.swift */; };
		F6ECB47A25EE56590046541F /* NewsViewControllerProtocol.swift in Sources */ = {isa = PBXBuildFile; fileRef = F6ECB47925EE56590046541F /* NewsViewControllerProtocol.swift */; };
		F6ECB47D25EE56A10046541F /* NewsPresenterProtocol.swift in Sources */ = {isa = PBXBuildFile; fileRef = F6ECB47C25EE56A10046541F /* NewsPresenterProtocol.swift */; };
		F6ECB48025EE56BE0046541F /* NewsPresenter.swift in Sources */ = {isa = PBXBuildFile; fileRef = F6ECB47F25EE56BE0046541F /* NewsPresenter.swift */; };
		F6ECB48325EE56DD0046541F /* NewsInteractorProtocol.swift in Sources */ = {isa = PBXBuildFile; fileRef = F6ECB48225EE56DD0046541F /* NewsInteractorProtocol.swift */; };
		F6ECB48625EE56FA0046541F /* NewsInteractor.swift in Sources */ = {isa = PBXBuildFile; fileRef = F6ECB48525EE56FA0046541F /* NewsInteractor.swift */; };
		F6ECB48F25EE57510046541F /* NewsConfiguratorProtocol.swift in Sources */ = {isa = PBXBuildFile; fileRef = F6ECB48E25EE57510046541F /* NewsConfiguratorProtocol.swift */; };
		F6ECB49225EE57620046541F /* NewsConfigurator.swift in Sources */ = {isa = PBXBuildFile; fileRef = F6ECB49125EE57620046541F /* NewsConfigurator.swift */; };
		F6ECB49525EE5A090046541F /* NewsTableViewCell.swift in Sources */ = {isa = PBXBuildFile; fileRef = F6ECB49425EE5A090046541F /* NewsTableViewCell.swift */; };
		F6ECB49925EE823C0046541F /* NewsConstants.swift in Sources */ = {isa = PBXBuildFile; fileRef = F6ECB49825EE823C0046541F /* NewsConstants.swift */; };
		F6ECB49C25EE9C8B0046541F /* NewsResponse.swift in Sources */ = {isa = PBXBuildFile; fileRef = F6ECB49B25EE9C8B0046541F /* NewsResponse.swift */; };
		F6ECB49F25EE9CFC0046541F /* Article.swift in Sources */ = {isa = PBXBuildFile; fileRef = F6ECB49E25EE9CFC0046541F /* Article.swift */; };
		F6ECB4A225EEBF520046541F /* StorageService.swift in Sources */ = {isa = PBXBuildFile; fileRef = F6ECB4A125EEBF520046541F /* StorageService.swift */; };
		F6ECB4A525EECD2B0046541F /* ServerService.swift in Sources */ = {isa = PBXBuildFile; fileRef = F6ECB4A425EECD2B0046541F /* ServerService.swift */; };
/* End PBXBuildFile section */

/* Begin PBXFileReference section */
		385E20E8B3699623065C1C77 /* Pods_Task2.framework */ = {isa = PBXFileReference; explicitFileType = wrapper.framework; includeInIndex = 0; path = Pods_Task2.framework; sourceTree = BUILT_PRODUCTS_DIR; };
		B4A557061B7EF7E9B8915FEC /* Pods-Task2.release.xcconfig */ = {isa = PBXFileReference; includeInIndex = 1; lastKnownFileType = text.xcconfig; name = "Pods-Task2.release.xcconfig"; path = "Target Support Files/Pods-Task2/Pods-Task2.release.xcconfig"; sourceTree = "<group>"; };
		C6DD3B2609095A5F3D12FC50 /* Pods-Task2.debug.xcconfig */ = {isa = PBXFileReference; includeInIndex = 1; lastKnownFileType = text.xcconfig; name = "Pods-Task2.debug.xcconfig"; path = "Target Support Files/Pods-Task2/Pods-Task2.debug.xcconfig"; sourceTree = "<group>"; };
		F6C0E24D25ED677300182984 /* Task2.app */ = {isa = PBXFileReference; explicitFileType = wrapper.application; includeInIndex = 0; path = Task2.app; sourceTree = BUILT_PRODUCTS_DIR; };
		F6C0E25025ED677300182984 /* AppDelegate.swift */ = {isa = PBXFileReference; lastKnownFileType = sourcecode.swift; path = AppDelegate.swift; sourceTree = "<group>"; };
		F6C0E25225ED677300182984 /* SceneDelegate.swift */ = {isa = PBXFileReference; lastKnownFileType = sourcecode.swift; path = SceneDelegate.swift; sourceTree = "<group>"; };
		F6C0E25925ED677500182984 /* Assets.xcassets */ = {isa = PBXFileReference; lastKnownFileType = folder.assetcatalog; path = Assets.xcassets; sourceTree = "<group>"; };
		F6C0E25C25ED677500182984 /* Base */ = {isa = PBXFileReference; lastKnownFileType = file.storyboard; name = Base; path = Base.lproj/LaunchScreen.storyboard; sourceTree = "<group>"; };
		F6C0E25E25ED677500182984 /* Info.plist */ = {isa = PBXFileReference; lastKnownFileType = text.plist.xml; path = Info.plist; sourceTree = "<group>"; };
		F6ECB44D25EDEC500046541F /* MainViewController.swift */ = {isa = PBXFileReference; lastKnownFileType = sourcecode.swift; path = MainViewController.swift; sourceTree = "<group>"; };
		F6ECB45125EDECB60046541F /* MainViewControllerProtocol.swift */ = {isa = PBXFileReference; lastKnownFileType = sourcecode.swift; path = MainViewControllerProtocol.swift; sourceTree = "<group>"; };
		F6ECB45425EDECE20046541F /* MainPresenterProtocol.swift */ = {isa = PBXFileReference; lastKnownFileType = sourcecode.swift; path = MainPresenterProtocol.swift; sourceTree = "<group>"; };
		F6ECB45725EDECFA0046541F /* MainPresenter.swift */ = {isa = PBXFileReference; lastKnownFileType = sourcecode.swift; path = MainPresenter.swift; sourceTree = "<group>"; };
		F6ECB45A25EDED290046541F /* MainInteractorProtocol.swift */ = {isa = PBXFileReference; lastKnownFileType = sourcecode.swift; path = MainInteractorProtocol.swift; sourceTree = "<group>"; };
		F6ECB45D25EDED450046541F /* MainInteractor.swift */ = {isa = PBXFileReference; lastKnownFileType = sourcecode.swift; path = MainInteractor.swift; sourceTree = "<group>"; };
		F6ECB46025EDED6F0046541F /* MainRouterProtocol.swift */ = {isa = PBXFileReference; lastKnownFileType = sourcecode.swift; path = MainRouterProtocol.swift; sourceTree = "<group>"; };
		F6ECB46325EDED820046541F /* MainRouter.swift */ = {isa = PBXFileReference; lastKnownFileType = sourcecode.swift; path = MainRouter.swift; sourceTree = "<group>"; };
		F6ECB46625EDEDA10046541F /* MainConfiguratorProtocol.swift */ = {isa = PBXFileReference; lastKnownFileType = sourcecode.swift; path = MainConfiguratorProtocol.swift; sourceTree = "<group>"; };
		F6ECB46925EDEDBF0046541F /* MainConfigurator.swift */ = {isa = PBXFileReference; lastKnownFileType = sourcecode.swift; path = MainConfigurator.swift; sourceTree = "<group>"; };
		F6ECB47325EE4CC60046541F /* MainConstants.swift */ = {isa = PBXFileReference; lastKnownFileType = sourcecode.swift; path = MainConstants.swift; sourceTree = "<group>"; };
		F6ECB47625EE56120046541F /* NewsViewController.swift */ = {isa = PBXFileReference; lastKnownFileType = sourcecode.swift; path = NewsViewController.swift; sourceTree = "<group>"; };
		F6ECB47925EE56590046541F /* NewsViewControllerProtocol.swift */ = {isa = PBXFileReference; lastKnownFileType = sourcecode.swift; path = NewsViewControllerProtocol.swift; sourceTree = "<group>"; };
		F6ECB47C25EE56A10046541F /* NewsPresenterProtocol.swift */ = {isa = PBXFileReference; lastKnownFileType = sourcecode.swift; path = NewsPresenterProtocol.swift; sourceTree = "<group>"; };
		F6ECB47F25EE56BE0046541F /* NewsPresenter.swift */ = {isa = PBXFileReference; lastKnownFileType = sourcecode.swift; path = NewsPresenter.swift; sourceTree = "<group>"; };
		F6ECB48225EE56DD0046541F /* NewsInteractorProtocol.swift */ = {isa = PBXFileReference; lastKnownFileType = sourcecode.swift; path = NewsInteractorProtocol.swift; sourceTree = "<group>"; };
		F6ECB48525EE56FA0046541F /* NewsInteractor.swift */ = {isa = PBXFileReference; lastKnownFileType = sourcecode.swift; path = NewsInteractor.swift; sourceTree = "<group>"; };
		F6ECB48E25EE57510046541F /* NewsConfiguratorProtocol.swift */ = {isa = PBXFileReference; lastKnownFileType = sourcecode.swift; path = NewsConfiguratorProtocol.swift; sourceTree = "<group>"; };
		F6ECB49125EE57620046541F /* NewsConfigurator.swift */ = {isa = PBXFileReference; lastKnownFileType = sourcecode.swift; path = NewsConfigurator.swift; sourceTree = "<group>"; };
		F6ECB49425EE5A090046541F /* NewsTableViewCell.swift */ = {isa = PBXFileReference; lastKnownFileType = sourcecode.swift; path = NewsTableViewCell.swift; sourceTree = "<group>"; };
		F6ECB49825EE823C0046541F /* NewsConstants.swift */ = {isa = PBXFileReference; lastKnownFileType = sourcecode.swift; path = NewsConstants.swift; sourceTree = "<group>"; };
		F6ECB49B25EE9C8B0046541F /* NewsResponse.swift */ = {isa = PBXFileReference; lastKnownFileType = sourcecode.swift; path = NewsResponse.swift; sourceTree = "<group>"; };
		F6ECB49E25EE9CFC0046541F /* Article.swift */ = {isa = PBXFileReference; lastKnownFileType = sourcecode.swift; path = Article.swift; sourceTree = "<group>"; };
		F6ECB4A125EEBF520046541F /* StorageService.swift */ = {isa = PBXFileReference; lastKnownFileType = sourcecode.swift; path = StorageService.swift; sourceTree = "<group>"; };
		F6ECB4A425EECD2B0046541F /* ServerService.swift */ = {isa = PBXFileReference; lastKnownFileType = sourcecode.swift; path = ServerService.swift; sourceTree = "<group>"; };
/* End PBXFileReference section */

/* Begin PBXFrameworksBuildPhase section */
		F6C0E24A25ED677300182984 /* Frameworks */ = {
			isa = PBXFrameworksBuildPhase;
			buildActionMask = 2147483647;
			files = (
				B941686B5DE14136855834A1 /* Pods_Task2.framework in Frameworks */,
			);
			runOnlyForDeploymentPostprocessing = 0;
		};
/* End PBXFrameworksBuildPhase section */

/* Begin PBXGroup section */
		EA64EA17471BADA93B6E2B23 /* Frameworks */ = {
			isa = PBXGroup;
			children = (
				385E20E8B3699623065C1C77 /* Pods_Task2.framework */,
			);
			name = Frameworks;
			sourceTree = "<group>";
		};
		F6C0E24425ED677300182984 = {
			isa = PBXGroup;
			children = (
				F6C0E24F25ED677300182984 /* Task2 */,
				F6C0E24E25ED677300182984 /* Products */,
				FE40B6790839F2BB3AB1AFDB /* Pods */,
				EA64EA17471BADA93B6E2B23 /* Frameworks */,
			);
			sourceTree = "<group>";
		};
		F6C0E24E25ED677300182984 /* Products */ = {
			isa = PBXGroup;
			children = (
				F6C0E24D25ED677300182984 /* Task2.app */,
			);
			name = Products;
			sourceTree = "<group>";
		};
		F6C0E24F25ED677300182984 /* Task2 */ = {
			isa = PBXGroup;
			children = (
				F6ECB44C25EDEC2B0046541F /* Application */,
				F6ECB44825EDEB1B0046541F /* Modules */,
				F6ECB4B025EEE9B80046541F /* Entities */,
				F6ECB4AF25EEE98F0046541F /* Services */,
				F6C0E25925ED677500182984 /* Assets.xcassets */,
				F6C0E25B25ED677500182984 /* LaunchScreen.storyboard */,
				F6C0E25E25ED677500182984 /* Info.plist */,
			);
			path = Task2;
			sourceTree = "<group>";
		};
		F6ECB44825EDEB1B0046541F /* Modules */ = {
			isa = PBXGroup;
			children = (
				F6ECB44925EDEB230046541F /* Main */,
				F6ECB44A25EDEB840046541F /* News */,
			);
			path = Modules;
			sourceTree = "<group>";
		};
		F6ECB44925EDEB230046541F /* Main */ = {
			isa = PBXGroup;
			children = (
				F6ECB4AD25EEE9420046541F /* Protocols */,
				F6ECB44D25EDEC500046541F /* MainViewController.swift */,
				F6ECB45725EDECFA0046541F /* MainPresenter.swift */,
				F6ECB45D25EDED450046541F /* MainInteractor.swift */,
				F6ECB46325EDED820046541F /* MainRouter.swift */,
				F6ECB46925EDEDBF0046541F /* MainConfigurator.swift */,
				F6ECB47325EE4CC60046541F /* MainConstants.swift */,
			);
			path = Main;
			sourceTree = "<group>";
		};
		F6ECB44A25EDEB840046541F /* News */ = {
			isa = PBXGroup;
			children = (
				F6ECB4AE25EEE9660046541F /* Protocols */,
				F6ECB47625EE56120046541F /* NewsViewController.swift */,
				F6ECB47F25EE56BE0046541F /* NewsPresenter.swift */,
				F6ECB48525EE56FA0046541F /* NewsInteractor.swift */,
				F6ECB49125EE57620046541F /* NewsConfigurator.swift */,
				F6ECB49425EE5A090046541F /* NewsTableViewCell.swift */,
				F6ECB49825EE823C0046541F /* NewsConstants.swift */,
			);
			path = News;
			sourceTree = "<group>";
		};
		F6ECB44C25EDEC2B0046541F /* Application */ = {
			isa = PBXGroup;
			children = (
				F6C0E25025ED677300182984 /* AppDelegate.swift */,
				F6C0E25225ED677300182984 /* SceneDelegate.swift */,
			);
			path = Application;
			sourceTree = "<group>";
		};
		F6ECB4AD25EEE9420046541F /* Protocols */ = {
			isa = PBXGroup;
			children = (
				F6ECB45125EDECB60046541F /* MainViewControllerProtocol.swift */,
				F6ECB45425EDECE20046541F /* MainPresenterProtocol.swift */,
				F6ECB45A25EDED290046541F /* MainInteractorProtocol.swift */,
				F6ECB46025EDED6F0046541F /* MainRouterProtocol.swift */,
				F6ECB46625EDEDA10046541F /* MainConfiguratorProtocol.swift */,
			);
			path = Protocols;
			sourceTree = "<group>";
		};
		F6ECB4AE25EEE9660046541F /* Protocols */ = {
			isa = PBXGroup;
			children = (
				F6ECB47925EE56590046541F /* NewsViewControllerProtocol.swift */,
				F6ECB47C25EE56A10046541F /* NewsPresenterProtocol.swift */,
				F6ECB48225EE56DD0046541F /* NewsInteractorProtocol.swift */,
				F6ECB48E25EE57510046541F /* NewsConfiguratorProtocol.swift */,
			);
			path = Protocols;
			sourceTree = "<group>";
		};
		F6ECB4AF25EEE98F0046541F /* Services */ = {
			isa = PBXGroup;
			children = (
				F6ECB4A125EEBF520046541F /* StorageService.swift */,
				F6ECB4A425EECD2B0046541F /* ServerService.swift */,
			);
			path = Services;
			sourceTree = "<group>";
		};
		F6ECB4B025EEE9B80046541F /* Entities */ = {
			isa = PBXGroup;
			children = (
				F6ECB49B25EE9C8B0046541F /* NewsResponse.swift */,
				F6ECB49E25EE9CFC0046541F /* Article.swift */,
			);
			path = Entities;
			sourceTree = "<group>";
		};
		FE40B6790839F2BB3AB1AFDB /* Pods */ = {
			isa = PBXGroup;
			children = (
				C6DD3B2609095A5F3D12FC50 /* Pods-Task2.debug.xcconfig */,
				B4A557061B7EF7E9B8915FEC /* Pods-Task2.release.xcconfig */,
			);
			path = Pods;
			sourceTree = "<group>";
		};
/* End PBXGroup section */

/* Begin PBXNativeTarget section */
		F6C0E24C25ED677300182984 /* Task2 */ = {
			isa = PBXNativeTarget;
			buildConfigurationList = F6C0E26125ED677500182984 /* Build configuration list for PBXNativeTarget "Task2" */;
			buildPhases = (
				CAAF49AB21CA53265FD42FDA /* [CP] Check Pods Manifest.lock */,
				F6C0E24925ED677300182984 /* Sources */,
				F6C0E24A25ED677300182984 /* Frameworks */,
				F6C0E24B25ED677300182984 /* Resources */,
				10B9E3F496E751C8989FEBD9 /* [CP] Embed Pods Frameworks */,
			);
			buildRules = (
			);
			dependencies = (
			);
			name = Task2;
			productName = Task2;
			productReference = F6C0E24D25ED677300182984 /* Task2.app */;
			productType = "com.apple.product-type.application";
		};
/* End PBXNativeTarget section */

/* Begin PBXProject section */
		F6C0E24525ED677300182984 /* Project object */ = {
			isa = PBXProject;
			attributes = {
				LastSwiftUpdateCheck = 1240;
				LastUpgradeCheck = 1240;
				TargetAttributes = {
					F6C0E24C25ED677300182984 = {
						CreatedOnToolsVersion = 12.4;
					};
				};
			};
			buildConfigurationList = F6C0E24825ED677300182984 /* Build configuration list for PBXProject "Task2" */;
			compatibilityVersion = "Xcode 9.3";
			developmentRegion = en;
			hasScannedForEncodings = 0;
			knownRegions = (
				en,
				Base,
			);
			mainGroup = F6C0E24425ED677300182984;
			productRefGroup = F6C0E24E25ED677300182984 /* Products */;
			projectDirPath = "";
			projectRoot = "";
			targets = (
				F6C0E24C25ED677300182984 /* Task2 */,
			);
		};
/* End PBXProject section */

/* Begin PBXResourcesBuildPhase section */
		F6C0E24B25ED677300182984 /* Resources */ = {
			isa = PBXResourcesBuildPhase;
			buildActionMask = 2147483647;
			files = (
				F6C0E25D25ED677500182984 /* LaunchScreen.storyboard in Resources */,
				F6C0E25A25ED677500182984 /* Assets.xcassets in Resources */,
			);
			runOnlyForDeploymentPostprocessing = 0;
		};
/* End PBXResourcesBuildPhase section */

/* Begin PBXShellScriptBuildPhase section */
		10B9E3F496E751C8989FEBD9 /* [CP] Embed Pods Frameworks */ = {
			isa = PBXShellScriptBuildPhase;
			buildActionMask = 2147483647;
			files = (
			);
			inputFileListPaths = (
				"${PODS_ROOT}/Target Support Files/Pods-Task2/Pods-Task2-frameworks-${CONFIGURATION}-input-files.xcfilelist",
			);
			name = "[CP] Embed Pods Frameworks";
			outputFileListPaths = (
				"${PODS_ROOT}/Target Support Files/Pods-Task2/Pods-Task2-frameworks-${CONFIGURATION}-output-files.xcfilelist",
			);
			runOnlyForDeploymentPostprocessing = 0;
			shellPath = /bin/sh;
			shellScript = "\"${PODS_ROOT}/Target Support Files/Pods-Task2/Pods-Task2-frameworks.sh\"\n";
			showEnvVarsInLog = 0;
		};
		CAAF49AB21CA53265FD42FDA /* [CP] Check Pods Manifest.lock */ = {
			isa = PBXShellScriptBuildPhase;
			buildActionMask = 2147483647;
			files = (
			);
			inputFileListPaths = (
			);
			inputPaths = (
				"${PODS_PODFILE_DIR_PATH}/Podfile.lock",
				"${PODS_ROOT}/Manifest.lock",
			);
			name = "[CP] Check Pods Manifest.lock";
			outputFileListPaths = (
			);
			outputPaths = (
				"$(DERIVED_FILE_DIR)/Pods-Task2-checkManifestLockResult.txt",
			);
			runOnlyForDeploymentPostprocessing = 0;
			shellPath = /bin/sh;
			shellScript = "diff \"${PODS_PODFILE_DIR_PATH}/Podfile.lock\" \"${PODS_ROOT}/Manifest.lock\" > /dev/null\nif [ $? != 0 ] ; then\n    # print error to STDERR\n    echo \"error: The sandbox is not in sync with the Podfile.lock. Run 'pod install' or update your CocoaPods installation.\" >&2\n    exit 1\nfi\n# This output is used by Xcode 'outputs' to avoid re-running this script phase.\necho \"SUCCESS\" > \"${SCRIPT_OUTPUT_FILE_0}\"\n";
			showEnvVarsInLog = 0;
		};
/* End PBXShellScriptBuildPhase section */

/* Begin PBXSourcesBuildPhase section */
		F6C0E24925ED677300182984 /* Sources */ = {
			isa = PBXSourcesBuildPhase;
			buildActionMask = 2147483647;
			files = (
				F6ECB45525EDECE20046541F /* MainPresenterProtocol.swift in Sources */,
				F6ECB45825EDECFA0046541F /* MainPresenter.swift in Sources */,
				F6ECB49F25EE9CFC0046541F /* Article.swift in Sources */,
				F6ECB49525EE5A090046541F /* NewsTableViewCell.swift in Sources */,
				F6ECB46125EDED6F0046541F /* MainRouterProtocol.swift in Sources */,
				F6ECB48025EE56BE0046541F /* NewsPresenter.swift in Sources */,
				F6ECB47425EE4CC60046541F /* MainConstants.swift in Sources */,
				F6ECB46725EDEDA10046541F /* MainConfiguratorProtocol.swift in Sources */,
				F6ECB49C25EE9C8B0046541F /* NewsResponse.swift in Sources */,
				F6ECB4A525EECD2B0046541F /* ServerService.swift in Sources */,
				F6ECB49925EE823C0046541F /* NewsConstants.swift in Sources */,
				F6ECB44E25EDEC500046541F /* MainViewController.swift in Sources */,
				F6ECB46A25EDEDBF0046541F /* MainConfigurator.swift in Sources */,
				F6ECB4A225EEBF520046541F /* StorageService.swift in Sources */,
				F6C0E25125ED677300182984 /* AppDelegate.swift in Sources */,
				F6ECB48325EE56DD0046541F /* NewsInteractorProtocol.swift in Sources */,
				F6ECB46425EDED820046541F /* MainRouter.swift in Sources */,
				F6ECB45B25EDED290046541F /* MainInteractorProtocol.swift in Sources */,
				F6ECB49225EE57620046541F /* NewsConfigurator.swift in Sources */,
				F6ECB45225EDECB60046541F /* MainViewControllerProtocol.swift in Sources */,
				F6ECB48F25EE57510046541F /* NewsConfiguratorProtocol.swift in Sources */,
				F6ECB47A25EE56590046541F /* NewsViewControllerProtocol.swift in Sources */,
				F6ECB47725EE56120046541F /* NewsViewController.swift in Sources */,
				F6ECB47D25EE56A10046541F /* NewsPresenterProtocol.swift in Sources */,
				F6C0E25325ED677300182984 /* SceneDelegate.swift in Sources */,
				F6ECB48625EE56FA0046541F /* NewsInteractor.swift in Sources */,
				F6ECB45E25EDED450046541F /* MainInteractor.swift in Sources */,
			);
			runOnlyForDeploymentPostprocessing = 0;
		};
/* End PBXSourcesBuildPhase section */

/* Begin PBXVariantGroup section */
		F6C0E25B25ED677500182984 /* LaunchScreen.storyboard */ = {
			isa = PBXVariantGroup;
			children = (
				F6C0E25C25ED677500182984 /* Base */,
			);
			name = LaunchScreen.storyboard;
			sourceTree = "<group>";
		};
/* End PBXVariantGroup section */

/* Begin XCBuildConfiguration section */
		F6C0E25F25ED677500182984 /* Debug */ = {
			isa = XCBuildConfiguration;
			buildSettings = {
				ALWAYS_SEARCH_USER_PATHS = NO;
				CLANG_ANALYZER_NONNULL = YES;
				CLANG_ANALYZER_NUMBER_OBJECT_CONVERSION = YES_AGGRESSIVE;
				CLANG_CXX_LANGUAGE_STANDARD = "gnu++14";
				CLANG_CXX_LIBRARY = "libc++";
				CLANG_ENABLE_MODULES = YES;
				CLANG_ENABLE_OBJC_ARC = YES;
				CLANG_ENABLE_OBJC_WEAK = YES;
				CLANG_WARN_BLOCK_CAPTURE_AUTORELEASING = YES;
				CLANG_WARN_BOOL_CONVERSION = YES;
				CLANG_WARN_COMMA = YES;
				CLANG_WARN_CONSTANT_CONVERSION = YES;
				CLANG_WARN_DEPRECATED_OBJC_IMPLEMENTATIONS = YES;
				CLANG_WARN_DIRECT_OBJC_ISA_USAGE = YES_ERROR;
				CLANG_WARN_DOCUMENTATION_COMMENTS = YES;
				CLANG_WARN_EMPTY_BODY = YES;
				CLANG_WARN_ENUM_CONVERSION = YES;
				CLANG_WARN_INFINITE_RECURSION = YES;
				CLANG_WARN_INT_CONVERSION = YES;
				CLANG_WARN_NON_LITERAL_NULL_CONVERSION = YES;
				CLANG_WARN_OBJC_IMPLICIT_RETAIN_SELF = YES;
				CLANG_WARN_OBJC_LITERAL_CONVERSION = YES;
				CLANG_WARN_OBJC_ROOT_CLASS = YES_ERROR;
				CLANG_WARN_QUOTED_INCLUDE_IN_FRAMEWORK_HEADER = YES;
				CLANG_WARN_RANGE_LOOP_ANALYSIS = YES;
				CLANG_WARN_STRICT_PROTOTYPES = YES;
				CLANG_WARN_SUSPICIOUS_MOVE = YES;
				CLANG_WARN_UNGUARDED_AVAILABILITY = YES_AGGRESSIVE;
				CLANG_WARN_UNREACHABLE_CODE = YES;
				CLANG_WARN__DUPLICATE_METHOD_MATCH = YES;
				COPY_PHASE_STRIP = NO;
				DEBUG_INFORMATION_FORMAT = dwarf;
				ENABLE_STRICT_OBJC_MSGSEND = YES;
				ENABLE_TESTABILITY = YES;
				GCC_C_LANGUAGE_STANDARD = gnu11;
				GCC_DYNAMIC_NO_PIC = NO;
				GCC_NO_COMMON_BLOCKS = YES;
				GCC_OPTIMIZATION_LEVEL = 0;
				GCC_PREPROCESSOR_DEFINITIONS = (
					"DEBUG=1",
					"$(inherited)",
				);
				GCC_WARN_64_TO_32_BIT_CONVERSION = YES;
				GCC_WARN_ABOUT_RETURN_TYPE = YES_ERROR;
				GCC_WARN_UNDECLARED_SELECTOR = YES;
				GCC_WARN_UNINITIALIZED_AUTOS = YES_AGGRESSIVE;
				GCC_WARN_UNUSED_FUNCTION = YES;
				GCC_WARN_UNUSED_VARIABLE = YES;
				IPHONEOS_DEPLOYMENT_TARGET = 14.4;
				MTL_ENABLE_DEBUG_INFO = INCLUDE_SOURCE;
				MTL_FAST_MATH = YES;
				ONLY_ACTIVE_ARCH = YES;
				SDKROOT = iphoneos;
				SWIFT_ACTIVE_COMPILATION_CONDITIONS = DEBUG;
				SWIFT_OPTIMIZATION_LEVEL = "-Onone";
			};
			name = Debug;
		};
		F6C0E26025ED677500182984 /* Release */ = {
			isa = XCBuildConfiguration;
			buildSettings = {
				ALWAYS_SEARCH_USER_PATHS = NO;
				CLANG_ANALYZER_NONNULL = YES;
				CLANG_ANALYZER_NUMBER_OBJECT_CONVERSION = YES_AGGRESSIVE;
				CLANG_CXX_LANGUAGE_STANDARD = "gnu++14";
				CLANG_CXX_LIBRARY = "libc++";
				CLANG_ENABLE_MODULES = YES;
				CLANG_ENABLE_OBJC_ARC = YES;
				CLANG_ENABLE_OBJC_WEAK = YES;
				CLANG_WARN_BLOCK_CAPTURE_AUTORELEASING = YES;
				CLANG_WARN_BOOL_CONVERSION = YES;
				CLANG_WARN_COMMA = YES;
				CLANG_WARN_CONSTANT_CONVERSION = YES;
				CLANG_WARN_DEPRECATED_OBJC_IMPLEMENTATIONS = YES;
				CLANG_WARN_DIRECT_OBJC_ISA_USAGE = YES_ERROR;
				CLANG_WARN_DOCUMENTATION_COMMENTS = YES;
				CLANG_WARN_EMPTY_BODY = YES;
				CLANG_WARN_ENUM_CONVERSION = YES;
				CLANG_WARN_INFINITE_RECURSION = YES;
				CLANG_WARN_INT_CONVERSION = YES;
				CLANG_WARN_NON_LITERAL_NULL_CONVERSION = YES;
				CLANG_WARN_OBJC_IMPLICIT_RETAIN_SELF = YES;
				CLANG_WARN_OBJC_LITERAL_CONVERSION = YES;
				CLANG_WARN_OBJC_ROOT_CLASS = YES_ERROR;
				CLANG_WARN_QUOTED_INCLUDE_IN_FRAMEWORK_HEADER = YES;
				CLANG_WARN_RANGE_LOOP_ANALYSIS = YES;
				CLANG_WARN_STRICT_PROTOTYPES = YES;
				CLANG_WARN_SUSPICIOUS_MOVE = YES;
				CLANG_WARN_UNGUARDED_AVAILABILITY = YES_AGGRESSIVE;
				CLANG_WARN_UNREACHABLE_CODE = YES;
				CLANG_WARN__DUPLICATE_METHOD_MATCH = YES;
				COPY_PHASE_STRIP = NO;
				DEBUG_INFORMATION_FORMAT = "dwarf-with-dsym";
				ENABLE_NS_ASSERTIONS = NO;
				ENABLE_STRICT_OBJC_MSGSEND = YES;
				GCC_C_LANGUAGE_STANDARD = gnu11;
				GCC_NO_COMMON_BLOCKS = YES;
				GCC_WARN_64_TO_32_BIT_CONVERSION = YES;
				GCC_WARN_ABOUT_RETURN_TYPE = YES_ERROR;
				GCC_WARN_UNDECLARED_SELECTOR = YES;
				GCC_WARN_UNINITIALIZED_AUTOS = YES_AGGRESSIVE;
				GCC_WARN_UNUSED_FUNCTION = YES;
				GCC_WARN_UNUSED_VARIABLE = YES;
				IPHONEOS_DEPLOYMENT_TARGET = 14.4;
				MTL_ENABLE_DEBUG_INFO = NO;
				MTL_FAST_MATH = YES;
				SDKROOT = iphoneos;
				SWIFT_COMPILATION_MODE = wholemodule;
				SWIFT_OPTIMIZATION_LEVEL = "-O";
				VALIDATE_PRODUCT = YES;
			};
			name = Release;
		};
		F6C0E26225ED677500182984 /* Debug */ = {
			isa = XCBuildConfiguration;
			baseConfigurationReference = C6DD3B2609095A5F3D12FC50 /* Pods-Task2.debug.xcconfig */;
			buildSettings = {
				ASSETCATALOG_COMPILER_APPICON_NAME = AppIcon;
				ASSETCATALOG_COMPILER_GLOBAL_ACCENT_COLOR_NAME = AccentColor;
				CODE_SIGN_STYLE = Automatic;
				INFOPLIST_FILE = Task2/Info.plist;
				LD_RUNPATH_SEARCH_PATHS = (
					"$(inherited)",
					"@executable_path/Frameworks",
				);
				PRODUCT_BUNDLE_IDENTIFIER = nikitagusev.Task2;
				PRODUCT_NAME = "$(TARGET_NAME)";
				SWIFT_VERSION = 5.0;
				TARGETED_DEVICE_FAMILY = "1,2";
			};
			name = Debug;
		};
		F6C0E26325ED677500182984 /* Release */ = {
			isa = XCBuildConfiguration;
			baseConfigurationReference = B4A557061B7EF7E9B8915FEC /* Pods-Task2.release.xcconfig */;
			buildSettings = {
				ASSETCATALOG_COMPILER_APPICON_NAME = AppIcon;
				ASSETCATALOG_COMPILER_GLOBAL_ACCENT_COLOR_NAME = AccentColor;
				CODE_SIGN_STYLE = Automatic;
				INFOPLIST_FILE = Task2/Info.plist;
				LD_RUNPATH_SEARCH_PATHS = (
					"$(inherited)",
					"@executable_path/Frameworks",
				);
				PRODUCT_BUNDLE_IDENTIFIER = nikitagusev.Task2;
				PRODUCT_NAME = "$(TARGET_NAME)";
				SWIFT_VERSION = 5.0;
				TARGETED_DEVICE_FAMILY = "1,2";
			};
			name = Release;
		};
/* End XCBuildConfiguration section */

/* Begin XCConfigurationList section */
		F6C0E24825ED677300182984 /* Build configuration list for PBXProject "Task2" */ = {
			isa = XCConfigurationList;
			buildConfigurations = (
				F6C0E25F25ED677500182984 /* Debug */,
				F6C0E26025ED677500182984 /* Release */,
			);
			defaultConfigurationIsVisible = 0;
			defaultConfigurationName = Release;
		};
		F6C0E26125ED677500182984 /* Build configuration list for PBXNativeTarget "Task2" */ = {
			isa = XCConfigurationList;
			buildConfigurations = (
				F6C0E26225ED677500182984 /* Debug */,
				F6C0E26325ED677500182984 /* Release */,
			);
			defaultConfigurationIsVisible = 0;
			defaultConfigurationName = Release;
		};
/* End XCConfigurationList section */
	};
	rootObject = F6C0E24525ED677300182984 /* Project object */;
}
